schema: '2.0'
stages:
  prepare:
    cmd: python3 src/preprocessing.py data/heart.csv data/X_processed.csv data/y.csv
      data/preprocessor.pkl
    deps:
    - path: data/heart.csv
      hash: md5
      md5: ab21f2524241ed14b321bcaf40c8b86e
      size: 35921
    - path: src/preprocessing.py
      hash: md5
      md5: 5e8f2899a96904a41c8500080b0c683f
      size: 1672
    outs:
    - path: data/X_processed.csv
      hash: md5
      md5: d0c79bf1a67300fc9313ac190219194a
      size: 141206
    - path: data/preprocessor.pkl
      hash: md5
      md5: 58421119233ee4a66a8ea6fcf2ed6b9f
      size: 4384
    - path: data/y.csv
      hash: md5
      md5: 6c09b1887a2034cba22b168c220d77db
      size: 1849
